// !$*UTF8*$!
{
	archiveVersion = 1;
	classes = {
	};
	objectVersion = 50;
	objects = {

/* Begin PBXBuildFile section */
		8370E0542197331800FBBB40 /* AppDelegate.swift in Sources */ = {isa = PBXBuildFile; fileRef = 8370E0532197331800FBBB40 /* AppDelegate.swift */; };
		8370E0562197331800FBBB40 /* ViewController.swift in Sources */ = {isa = PBXBuildFile; fileRef = 8370E0552197331800FBBB40 /* ViewController.swift */; };
		8370E0592197331800FBBB40 /* Main.storyboard in Resources */ = {isa = PBXBuildFile; fileRef = 8370E0572197331800FBBB40 /* Main.storyboard */; };
		8370E05B2197331B00FBBB40 /* Assets.xcassets in Resources */ = {isa = PBXBuildFile; fileRef = 8370E05A2197331B00FBBB40 /* Assets.xcassets */; };
		8370E05E2197331B00FBBB40 /* LaunchScreen.storyboard in Resources */ = {isa = PBXBuildFile; fileRef = 8370E05C2197331B00FBBB40 /* LaunchScreen.storyboard */; };
		8370E0662197336A00FBBB40 /* LoginViewController.swift in Sources */ = {isa = PBXBuildFile; fileRef = 8370E0652197336A00FBBB40 /* LoginViewController.swift */; };
		8370E0682197344A00FBBB40 /* UIView+helpers.swift in Sources */ = {isa = PBXBuildFile; fileRef = 8370E0672197344A00FBBB40 /* UIView+helpers.swift */; };
		8370E06A2197350C00FBBB40 /* LoginView.swift in Sources */ = {isa = PBXBuildFile; fileRef = 8370E0692197350C00FBBB40 /* LoginView.swift */; };
		8370E06C219741B600FBBB40 /* LeftPaddedTextField.swift in Sources */ = {isa = PBXBuildFile; fileRef = 8370E06B219741B600FBBB40 /* LeftPaddedTextField.swift */; };
		8370E06E2197440B00FBBB40 /* CustomButton.swift in Sources */ = {isa = PBXBuildFile; fileRef = 8370E06D2197440B00FBBB40 /* CustomButton.swift */; };
		8370E0702199122300FBBB40 /* AppColors.swift in Sources */ = {isa = PBXBuildFile; fileRef = 8370E06F2199122300FBBB40 /* AppColors.swift */; };
/* End PBXBuildFile section */

/* Begin PBXFileReference section */
		8370E0502197331800FBBB40 /* LoginDemo.app */ = {isa = PBXFileReference; explicitFileType = wrapper.application; includeInIndex = 0; path = LoginDemo.app; sourceTree = BUILT_PRODUCTS_DIR; };
		8370E0532197331800FBBB40 /* AppDelegate.swift */ = {isa = PBXFileReference; lastKnownFileType = sourcecode.swift; path = AppDelegate.swift; sourceTree = "<group>"; };
		8370E0552197331800FBBB40 /* ViewController.swift */ = {isa = PBXFileReference; lastKnownFileType = sourcecode.swift; path = ViewController.swift; sourceTree = "<group>"; };
		8370E0582197331800FBBB40 /* Base */ = {isa = PBXFileReference; lastKnownFileType = file.storyboard; name = Base; path = Base.lproj/Main.storyboard; sourceTree = "<group>"; };
		8370E05A2197331B00FBBB40 /* Assets.xcassets */ = {isa = PBXFileReference; lastKnownFileType = folder.assetcatalog; path = Assets.xcassets; sourceTree = "<group>"; };
		8370E05D2197331B00FBBB40 /* Base */ = {isa = PBXFileReference; lastKnownFileType = file.storyboard; name = Base; path = Base.lproj/LaunchScreen.storyboard; sourceTree = "<group>"; };
		8370E05F2197331B00FBBB40 /* Info.plist */ = {isa = PBXFileReference; lastKnownFileType = text.plist.xml; path = Info.plist; sourceTree = "<group>"; };
		8370E0652197336A00FBBB40 /* LoginViewController.swift */ = {isa = PBXFileReference; lastKnownFileType = sourcecode.swift; path = LoginViewController.swift; sourceTree = "<group>"; };
		8370E0672197344A00FBBB40 /* UIView+helpers.swift */ = {isa = PBXFileReference; fileEncoding = 4; lastKnownFileType = sourcecode.swift; path = "UIView+helpers.swift"; sourceTree = "<group>"; };
		8370E0692197350C00FBBB40 /* LoginView.swift */ = {isa = PBXFileReference; lastKnownFileType = sourcecode.swift; path = LoginView.swift; sourceTree = "<group>"; };
		8370E06B219741B600FBBB40 /* LeftPaddedTextField.swift */ = {isa = PBXFileReference; fileEncoding = 4; lastKnownFileType = sourcecode.swift; path = LeftPaddedTextField.swift; sourceTree = "<group>"; };
		8370E06D2197440B00FBBB40 /* CustomButton.swift */ = {isa = PBXFileReference; lastKnownFileType = sourcecode.swift; path = CustomButton.swift; sourceTree = "<group>"; };
		8370E06F2199122300FBBB40 /* AppColors.swift */ = {isa = PBXFileReference; lastKnownFileType = sourcecode.swift; path = AppColors.swift; sourceTree = "<group>"; };
/* End PBXFileReference section */

/* Begin PBXFrameworksBuildPhase section */
		8370E04D2197331800FBBB40 /* Frameworks */ = {
			isa = PBXFrameworksBuildPhase;
			buildActionMask = 2147483647;
			files = (
			);
			runOnlyForDeploymentPostprocessing = 0;
		};
/* End PBXFrameworksBuildPhase section */

/* Begin PBXGroup section */
		8370E0472197331800FBBB40 = {
			isa = PBXGroup;
			children = (
				8370E0522197331800FBBB40 /* LoginDemo */,
				8370E0512197331800FBBB40 /* Products */,
			);
			sourceTree = "<group>";
		};
		8370E0512197331800FBBB40 /* Products */ = {
			isa = PBXGroup;
			children = (
				8370E0502197331800FBBB40 /* LoginDemo.app */,
			);
			name = Products;
			sourceTree = "<group>";
		};
		8370E0522197331800FBBB40 /* LoginDemo */ = {
			isa = PBXGroup;
			children = (
				8370E0532197331800FBBB40 /* AppDelegate.swift */,
				8370E0572197331800FBBB40 /* Main.storyboard */,
				8370E05A2197331B00FBBB40 /* Assets.xcassets */,
				8370E05C2197331B00FBBB40 /* LaunchScreen.storyboard */,
				8370E05F2197331B00FBBB40 /* Info.plist */,
				8370E0552197331800FBBB40 /* ViewController.swift */,
				8370E0652197336A00FBBB40 /* LoginViewController.swift */,
				8370E0692197350C00FBBB40 /* LoginView.swift */,
				8370E06D2197440B00FBBB40 /* CustomButton.swift */,
				8370E0672197344A00FBBB40 /* UIView+helpers.swift */,
				8370E06B219741B600FBBB40 /* LeftPaddedTextField.swift */,
				8370E06F2199122300FBBB40 /* AppColors.swift */,
			);
			path = LoginDemo;
			sourceTree = "<group>";
		};
/* End PBXGroup section */

/* Begin PBXNativeTarget section */
		8370E04F2197331800FBBB40 /* LoginDemo */ = {
			isa = PBXNativeTarget;
			buildConfigurationList = 8370E0622197331B00FBBB40 /* Build configuration list for PBXNativeTarget "LoginDemo" */;
			buildPhases = (
				8370E04C2197331800FBBB40 /* Sources */,
				8370E04D2197331800FBBB40 /* Frameworks */,
				8370E04E2197331800FBBB40 /* Resources */,
			);
			buildRules = (
			);
			dependencies = (
			);
			name = LoginDemo;
			productName = LoginDemo;
			productReference = 8370E0502197331800FBBB40 /* LoginDemo.app */;
			productType = "com.apple.product-type.application";
		};
/* End PBXNativeTarget section */

/* Begin PBXProject section */
		8370E0482197331800FBBB40 /* Project object */ = {
			isa = PBXProject;
			attributes = {
				LastSwiftUpdateCheck = 1000;
				LastUpgradeCheck = 1000;
				ORGANIZATIONNAME = smithcoding;
				TargetAttributes = {
					8370E04F2197331800FBBB40 = {
						CreatedOnToolsVersion = 10.0;
					};
				};
			};
			buildConfigurationList = 8370E04B2197331800FBBB40 /* Build configuration list for PBXProject "LoginDemo" */;
			compatibilityVersion = "Xcode 9.3";
			developmentRegion = en;
			hasScannedForEncodings = 0;
			knownRegions = (
				en,
				Base,
			);
			mainGroup = 8370E0472197331800FBBB40;
			productRefGroup = 8370E0512197331800FBBB40 /* Products */;
			projectDirPath = "";
			projectRoot = "";
			targets = (
				8370E04F2197331800FBBB40 /* LoginDemo */,
			);
		};
/* End PBXProject section */

/* Begin PBXResourcesBuildPhase section */
		8370E04E2197331800FBBB40 /* Resources */ = {
			isa = PBXResourcesBuildPhase;
			buildActionMask = 2147483647;
			files = (
				8370E05E2197331B00FBBB40 /* LaunchScreen.storyboard in Resources */,
				8370E05B2197331B00FBBB40 /* Assets.xcassets in Resources */,
				8370E0592197331800FBBB40 /* Main.storyboard in Resources */,
			);
			runOnlyForDeploymentPostprocessing = 0;
		};
/* End PBXResourcesBuildPhase section */

/* Begin PBXSourcesBuildPhase section */
		8370E04C2197331800FBBB40 /* Sources */ = {
			isa = PBXSourcesBuildPhase;
			buildActionMask = 2147483647;
			files = (
				8370E0662197336A00FBBB40 /* LoginViewController.swift in Sources */,
				8370E0562197331800FBBB40 /* ViewController.swift in Sources */,
				8370E06C219741B600FBBB40 /* LeftPaddedTextField.swift in Sources */,
				8370E0682197344A00FBBB40 /* UIView+helpers.swift in Sources */,
				8370E06E2197440B00FBBB40 /* CustomButton.swift in Sources */,
				8370E0702199122300FBBB40 /* AppColors.swift in Sources */,
				8370E06A2197350C00FBBB40 /* LoginView.swift in Sources */,
				8370E0542197331800FBBB40 /* AppDelegate.swift in Sources */,
			);
			runOnlyForDeploymentPostprocessing = 0;
		};
/* End PBXSourcesBuildPhase section */

/* Begin PBXVariantGroup section */
		8370E0572197331800FBBB40 /* Main.storyboard */ = {
			isa = PBXVariantGroup;
			children = (
				8370E0582197331800FBBB40 /* Base */,
			);
			name = Main.storyboard;
			sourceTree = "<group>";
		};
		8370E05C2197331B00FBBB40 /* LaunchScreen.storyboard */ = {
			isa = PBXVariantGroup;
			children = (
				8370E05D2197331B00FBBB40 /* Base */,
			);
			name = LaunchScreen.storyboard;
			sourceTree = "<group>";
		};
/* End PBXVariantGroup section */

/* Begin XCBuildConfiguration section */
		8370E0602197331B00FBBB40 /* Debug */ = {
			isa = XCBuildConfiguration;
			buildSettings = {
				ALWAYS_SEARCH_USER_PATHS = NO;
				CLANG_ANALYZER_NONNULL = YES;
				CLANG_ANALYZER_NUMBER_OBJECT_CONVERSION = YES_AGGRESSIVE;
				CLANG_CXX_LANGUAGE_STANDARD = "gnu++14";
				CLANG_CXX_LIBRARY = "libc++";
				CLANG_ENABLE_MODULES = YES;
				CLANG_ENABLE_OBJC_ARC = YES;
				CLANG_ENABLE_OBJC_WEAK = YES;
				CLANG_WARN_BLOCK_CAPTURE_AUTORELEASING = YES;
				CLANG_WARN_BOOL_CONVERSION = YES;
				CLANG_WARN_COMMA = YES;
				CLANG_WARN_CONSTANT_CONVERSION = YES;
				CLANG_WARN_DEPRECATED_OBJC_IMPLEMENTATIONS = YES;
				CLANG_WARN_DIRECT_OBJC_ISA_USAGE = YES_ERROR;
				CLANG_WARN_DOCUMENTATION_COMMENTS = YES;
				CLANG_WARN_EMPTY_BODY = YES;
				CLANG_WARN_ENUM_CONVERSION = YES;
				CLANG_WARN_INFINITE_RECURSION = YES;
				CLANG_WARN_INT_CONVERSION = YES;
				CLANG_WARN_NON_LITERAL_NULL_CONVERSION = YES;
				CLANG_WARN_OBJC_IMPLICIT_RETAIN_SELF = YES;
				CLANG_WARN_OBJC_LITERAL_CONVERSION = YES;
				CLANG_WARN_OBJC_ROOT_CLASS = YES_ERROR;
				CLANG_WARN_RANGE_LOOP_ANALYSIS = YES;
				CLANG_WARN_STRICT_PROTOTYPES = YES;
				CLANG_WARN_SUSPICIOUS_MOVE = YES;
				CLANG_WARN_UNGUARDED_AVAILABILITY = YES_AGGRESSIVE;
				CLANG_WARN_UNREACHABLE_CODE = YES;
				CLANG_WARN__DUPLICATE_METHOD_MATCH = YES;
				CODE_SIGN_IDENTITY = "iPhone Developer";
				COPY_PHASE_STRIP = NO;
				DEBUG_INFORMATION_FORMAT = dwarf;
				ENABLE_STRICT_OBJC_MSGSEND = YES;
				ENABLE_TESTABILITY = YES;
				GCC_C_LANGUAGE_STANDARD = gnu11;
				GCC_DYNAMIC_NO_PIC = NO;
				GCC_NO_COMMON_BLOCKS = YES;
				GCC_OPTIMIZATION_LEVEL = 0;
				GCC_PREPROCESSOR_DEFINITIONS = (
					"DEBUG=1",
					"$(inherited)",
				);
				GCC_WARN_64_TO_32_BIT_CONVERSION = YES;
				GCC_WARN_ABOUT_RETURN_TYPE = YES_ERROR;
				GCC_WARN_UNDECLARED_SELECTOR = YES;
				GCC_WARN_UNINITIALIZED_AUTOS = YES_AGGRESSIVE;
				GCC_WARN_UNUSED_FUNCTION = YES;
				GCC_WARN_UNUSED_VARIABLE = YES;
				IPHONEOS_DEPLOYMENT_TARGET = 12.0;
				MTL_ENABLE_DEBUG_INFO = INCLUDE_SOURCE;
				MTL_FAST_MATH = YES;
				ONLY_ACTIVE_ARCH = YES;
				SDKROOT = iphoneos;
				SWIFT_ACTIVE_COMPILATION_CONDITIONS = DEBUG;
				SWIFT_OPTIMIZATION_LEVEL = "-Onone";
			};
			name = Debug;
		};
		8370E0612197331B00FBBB40 /* Release */ = {
			isa = XCBuildConfiguration;
			buildSettings = {
				ALWAYS_SEARCH_USER_PATHS = NO;
				CLANG_ANALYZER_NONNULL = YES;
				CLANG_ANALYZER_NUMBER_OBJECT_CONVERSION = YES_AGGRESSIVE;
				CLANG_CXX_LANGUAGE_STANDARD = "gnu++14";
				CLANG_CXX_LIBRARY = "libc++";
				CLANG_ENABLE_MODULES = YES;
				CLANG_ENABLE_OBJC_ARC = YES;
				CLANG_ENABLE_OBJC_WEAK = YES;
				CLANG_WARN_BLOCK_CAPTURE_AUTORELEASING = YES;
				CLANG_WARN_BOOL_CONVERSION = YES;
				CLANG_WARN_COMMA = YES;
				CLANG_WARN_CONSTANT_CONVERSION = YES;
				CLANG_WARN_DEPRECATED_OBJC_IMPLEMENTATIONS = YES;
				CLANG_WARN_DIRECT_OBJC_ISA_USAGE = YES_ERROR;
				CLANG_WARN_DOCUMENTATION_COMMENTS = YES;
				CLANG_WARN_EMPTY_BODY = YES;
				CLANG_WARN_ENUM_CONVERSION = YES;
				CLANG_WARN_INFINITE_RECURSION = YES;
				CLANG_WARN_INT_CONVERSION = YES;
				CLANG_WARN_NON_LITERAL_NULL_CONVERSION = YES;
				CLANG_WARN_OBJC_IMPLICIT_RETAIN_SELF = YES;
				CLANG_WARN_OBJC_LITERAL_CONVERSION = YES;
				CLANG_WARN_OBJC_ROOT_CLASS = YES_ERROR;
				CLANG_WARN_RANGE_LOOP_ANALYSIS = YES;
				CLANG_WARN_STRICT_PROTOTYPES = YES;
				CLANG_WARN_SUSPICIOUS_MOVE = YES;
				CLANG_WARN_UNGUARDED_AVAILABILITY = YES_AGGRESSIVE;
				CLANG_WARN_UNREACHABLE_CODE = YES;
				CLANG_WARN__DUPLICATE_METHOD_MATCH = YES;
				CODE_SIGN_IDENTITY = "iPhone Developer";
				COPY_PHASE_STRIP = NO;
				DEBUG_INFORMATION_FORMAT = "dwarf-with-dsym";
				ENABLE_NS_ASSERTIONS = NO;
				ENABLE_STRICT_OBJC_MSGSEND = YES;
				GCC_C_LANGUAGE_STANDARD = gnu11;
				GCC_NO_COMMON_BLOCKS = YES;
				GCC_WARN_64_TO_32_BIT_CONVERSION = YES;
				GCC_WARN_ABOUT_RETURN_TYPE = YES_ERROR;
				GCC_WARN_UNDECLARED_SELECTOR = YES;
				GCC_WARN_UNINITIALIZED_AUTOS = YES_AGGRESSIVE;
				GCC_WARN_UNUSED_FUNCTION = YES;
				GCC_WARN_UNUSED_VARIABLE = YES;
				IPHONEOS_DEPLOYMENT_TARGET = 12.0;
				MTL_ENABLE_DEBUG_INFO = NO;
				MTL_FAST_MATH = YES;
				SDKROOT = iphoneos;
				SWIFT_COMPILATION_MODE = wholemodule;
				SWIFT_OPTIMIZATION_LEVEL = "-O";
				VALIDATE_PRODUCT = YES;
			};
			name = Release;
		};
		8370E0632197331B00FBBB40 /* Debug */ = {
			isa = XCBuildConfiguration;
			buildSettings = {
				ASSETCATALOG_COMPILER_APPICON_NAME = AppIcon;
				CODE_SIGN_STYLE = Automatic;
				DEVELOPMENT_TEAM = XQZ36MFXVC;
				INFOPLIST_FILE = LoginDemo/Info.plist;
				LD_RUNPATH_SEARCH_PATHS = (
					"$(inherited)",
					"@executable_path/Frameworks",
				);
				PRODUCT_BUNDLE_IDENTIFIER = com.smithcoding.LoginDemo;
				PRODUCT_NAME = "$(TARGET_NAME)";
				SWIFT_VERSION = 4.2;
				TARGETED_DEVICE_FAMILY = "1,2";
			};
			name = Debug;
		};
		8370E0642197331B00FBBB40 /* Release */ = {
			isa = XCBuildConfiguration;
			buildSettings = {
				ASSETCATALOG_COMPILER_APPICON_NAME = AppIcon;
				CODE_SIGN_STYLE = Automatic;
				DEVELOPMENT_TEAM = XQZ36MFXVC;
				INFOPLIST_FILE = LoginDemo/Info.plist;
				LD_RUNPATH_SEARCH_PATHS = (
					"$(inherited)",
					"@executable_path/Frameworks",
				);
				PRODUCT_BUNDLE_IDENTIFIER = com.smithcoding.LoginDemo;
				PRODUCT_NAME = "$(TARGET_NAME)";
				SWIFT_VERSION = 4.2;
				TARGETED_DEVICE_FAMILY = "1,2";
			};
			name = Release;
		};
/* End XCBuildConfiguration section */

/* Begin XCConfigurationList section */
		8370E04B2197331800FBBB40 /* Build configuration list for PBXProject "LoginDemo" */ = {
			isa = XCConfigurationList;
			buildConfigurations = (
				8370E0602197331B00FBBB40 /* Debug */,
				8370E0612197331B00FBBB40 /* Release */,
			);
			defaultConfigurationIsVisible = 0;
			defaultConfigurationName = Release;
		};
		8370E0622197331B00FBBB40 /* Build configuration list for PBXNativeTarget "LoginDemo" */ = {
			isa = XCConfigurationList;
			buildConfigurations = (
				8370E0632197331B00FBBB40 /* Debug */,
				8370E0642197331B00FBBB40 /* Release */,
			);
			defaultConfigurationIsVisible = 0;
			defaultConfigurationName = Release;
		};
/* End XCConfigurationList section */
	};
	rootObject = 8370E0482197331800FBBB40 /* Project object */;
}
